PODS:
  - CGComBox (1.3.9):
    - Masonry
  - Masonry (1.1.0)

DEPENDENCIES:
  - CGComBox (from `../`)

SPEC REPOS:
  https://github.com/CocoaPods/Specs.git:
    - Masonry

EXTERNAL SOURCES:
  CGComBox:
    :path: "../"

SPEC CHECKSUMS:
  CGComBox: 77859bbc83bc81598c954f66416dfeae231952ed
  Masonry: 678fab65091a9290e40e2832a55e7ab731aad201

PODFILE CHECKSUM: 334e539b3c43be85de63a3f536d6702712b1065c

COCOAPODS: 1.15.2
